# THIS IS AN AUTOGENERATED FILE. DO NOT EDIT THIS FILE DIRECTLY.
# yarn lockfile v1


"@dimforge/rapier3d-compat@~0.12.0":
  version "0.12.0"
  resolved "https://registry.yarnpkg.com/@dimforge/rapier3d-compat/-/rapier3d-compat-0.12.0.tgz#7b3365e1dfdc5cd957b45afe920b4ac06c7cd389"
  integrity sha512-uekIGetywIgopfD97oDL5PfeezkFpNhwlzlaEYNOA0N6ghdsOvh/HYjSMek5Q2O1PYvRSDFcqFVJl4r4ZBwOow==

"@jridgewell/gen-mapping@^0.3.5":
  version "0.3.13"
  resolved "https://registry.yarnpkg.com/@jridgewell/gen-mapping/-/gen-mapping-0.3.13.tgz#6342a19f44347518c93e43b1ac69deb3c4656a1f"
  integrity sha512-2kkt/7niJ6MgEPxF0bYdQ6etZaA+fQvDcLKckhy1yIQOzaoKjBBjSj63/aLVjYE3qhRt5dvM+uUyfCg6UKCBbA==
  dependencies:
    "@jridgewell/sourcemap-codec" "^1.5.0"
    "@jridgewell/trace-mapping" "^0.3.24"

"@jridgewell/remapping@^2.3.5":
  version "2.3.5"
  resolved "https://registry.yarnpkg.com/@jridgewell/remapping/-/remapping-2.3.5.tgz#375c476d1972947851ba1e15ae8f123047445aa1"
  integrity sha512-LI9u/+laYG4Ds1TDKSJW2YPrIlcVYOwi2fUC6xB43lueCjgxV4lffOCZCtYFiH6TNOX+tQKXx97T4IKHbhyHEQ==
  dependencies:
    "@jridgewell/gen-mapping" "^0.3.5"
    "@jridgewell/trace-mapping" "^0.3.24"

"@jridgewell/resolve-uri@^3.1.0":
  version "3.1.2"
  resolved "https://registry.yarnpkg.com/@jridgewell/resolve-uri/-/resolve-uri-3.1.2.tgz#7a0ee601f60f99a20c7c7c5ff0c80388c1189bd6"
  integrity sha512-bRISgCIjP20/tbWSPWMEi54QVPRZExkuD9lJL+UIxUKtwVJA8wW1Trb1jMs1RFXo1CBTNZ/5hpC9QvmKWdopKw==

"@jridgewell/sourcemap-codec@^1.4.14", "@jridgewell/sourcemap-codec@^1.4.15", "@jridgewell/sourcemap-codec@^1.5.0", "@jridgewell/sourcemap-codec@^1.5.5", "@jridgewell/sourcemap-codec@^1.6.0":
  version "1.6.0"
  resolved "https://registry.yarnpkg.com/@jridgewell/sourcemap-codec/-/sourcemap-codec-1.6.0.tgz#f4c663e862f06dc98ca4d453862c46902789a18d"
  integrity sha512-T7jf+5zgsZHwNJ4lvQ7/aezbyk0nNX+zJVWpmHA7VYsEx7a7qr5Rg5IbtJFqkgze5Y2sruq1RUY8Q837Od7iFw==

"@jridgewell/trace-mapping@^0.3.24", "@jridgewell/trace-mapping@^0.3.25":
  version "0.3.31"
  resolved "https://registry.yarnpkg.com/@jridgewell/trace-mapping/-/trace-mapping-0.3.31.tgz#db15d6781c931f3a251a3dac39501c98a6082fd0"
  integrity sha512-zzNR+SdQSDJzc8joaeP8QQoCQr8NuYx2dIIytl1QeBEZHJ9uW6hebsrYgbz8hJwUQao3TWCMtmfV8Nu1twOLAw==
  dependencies:
    "@jridgewell/resolve-uri" "^3.1.0"
    "@jridgewell/sourcemap-codec" "^1.4.14"

"@oxc-project/types@=0.151.0":
  version "0.151.0"
  resolved "https://registry.yarnpkg.com/@oxc-project/types/-/types-0.151.0.tgz#37206ed3fdebb8c4c5fc49ae20d53d9b4eed2bfe"
  integrity sha512-J1yXrIlNDZVzE3ada310xeAw7nH8yCAyLPuUIsjKatFPmfn5bS1oW+cM+QsGOtVWd5nhSpbwZWx/rue+r5Z+PA==

"@polka/url@^1.0.0-next.24":
  version "1.0.0-next.29"
  resolved "https://registry.yarnpkg.com/@polka/url/-/url-1.0.0-next.29.tgz#5a40109a1ab5f84d6fd8fc928b19f367cbe7e7b1"
  integrity sha512-wwQAWhWSuHaag8c4q/KN/vCoeOJYshAIvMQwD4GpSb3OiZklFfvAgmj0VCBBImRpuF/aFgIRzllXlVX93Jevww==

"@rolldown/binding-android-arm-eabi@1.2.11":
  version "1.2.11"
  resolved "https://registry.yarnpkg.com/@rolldown/binding-android-arm-eabi/-/binding-android-arm-eabi-1.2.11.tgz#898b1c0c0c4de1ffb5997050a705f04cc102b4eb"
  integrity sha512-A5kXfGKvKWWZE0TtPrfsvT+q4Y5d1QG8gGUzpYjGydM+fARM9MuX90PrXYXe0XbsDVgyxxNzHo6giCj90bsFNw==

"@rolldown/binding-android-arm64@1.2.11":
  version "1.2.11"
  resolved "https://registry.yarnpkg.com/@rolldown/binding-android-arm64/-/binding-android-arm64-1.2.11.tgz#bf8ee88baaecd1747326d6c1d05ebdad483edc34"
  integrity sha512-z6cTycz+iJ4PVkuL4HHW4DfTfoeU/2nqYYuSOrTmH7yHK5Y0LCOnA03V4ZNxavyVaU1oOqUgIg2klN/s+USGOA==

"@rolldown/binding-darwin-arm64@1.2.11":
  version "1.2.11"
  resolved "https://registry.yarnpkg.com/@rolldown/binding-darwin-arm64/-/binding-darwin-arm64-1.2.11.tgz#4ebc103da1e0d6b24d815c1fb1d6af73245c1b1f"
  integrity sha512-jShvqNtP6vDC6/A5JOAzbVV+DkgHqhl/ScVCJEbt+TUY6QYz7YnXcrg3sLtFBniro0f/Ld50ZwCWA6f7KYD1nQ==

"@rolldown/binding-darwin-x64@1.2.11":
  version "1.2.11"
  resolved "https://registry.yarnpkg.com/@rolldown/binding-darwin-x64/-/binding-darwin-x64-1.2.11.tgz#ab669b448eb2cd2366a7ff01a84579a0f854f5f0"
  integrity sha512-f2i2xiNWq1Z1l2++q2fuhZRdLAT3aqxD6vRNm1RAxpUoBcdqNB3C0s1Bt+K+PbEx2F5F4gQp6hqKkphCY/xF9w==

"@rolldown/binding-freebsd-x64@1.2.11":
  version "1.2.11"
  resolved "https://registry.yarnpkg.com/@rolldown/binding-freebsd-x64/-/binding-freebsd-x64-1.2.11.tgz#74c26ec877c293c47c8958ab58e07e57f9382070"
  integrity sha512-4Ir5FSOKIAMr4r0kExpt1s3bMgzJU3rA45AYOHtQpls0oNeqcYBKrWMlckrYH4KCfGLfkfn1tN1dmZPMVsdXow==

"@rolldown/binding-linux-arm-gnueabihf@1.2.11":
  version "1.2.11"
  resolved "https://registry.yarnpkg.com/@rolldown/binding-linux-arm-gnueabihf/-/binding-linux-arm-gnueabihf-1.2.11.tgz#cbfe844867d7dbce1655c9b593be05bcaffb501d"
  integrity sha512-/gnRDM+39BROzAN/k1OZjDPnDMcZxB/0EUxKjONO5yVkNEvlsoMDrxGNKgZi/ttFriS2gwlDNzB65pvNbFOXIQ==

"@rolldown/binding-linux-arm64-gnu@1.2.11":
  version "1.2.11"
  resolved "https://registry.yarnpkg.com/@rolldown/binding-linux-arm64-gnu/-/binding-linux-arm64-gnu-1.2.11.tgz#2028ebac4a3f56b26ecd02f8850c74447087cbb2"
  integrity sha512-PFaK8HwvAHbaKbBcDNQihjMKYvFnA5hiENx/l5tphTDz1E0WFp32l0A7aq7lyUwGsRw/xSrNIy/gIK4thrSCrw==

"@rolldown/binding-linux-arm64-musl@1.2.11":
  version "1.2.11"
  resolved "https://registry.yarnpkg.com/@rolldown/binding-linux-arm64-musl/-/binding-linux-arm64-musl-1.2.11.tgz#a143325f96d5d5040dff50e292374f7467e7c82c"
  integrity sha512-AskzJUIKRLPxkruR1wLKewGbOw+EYfU/9lOrBFj4AFrEA8hPpKFnODWNu2WLaNs0QNkEb9QIJufmVZZIL/bJlg==

"@rolldown/binding-linux-ppc64-gnu@1.2.11":
  version "1.2.11"
  resolved "https://registry.yarnpkg.com/@rolldown/binding-linux-ppc64-gnu/-/binding-linux-ppc64-gnu-1.2.11.tgz#b38937ad8b4821682e3671ebfb609cb0e3ecb935"
  integrity sha512-qlUGAheh2yh8afH7QBgx0PrRHN85hKnNd78x8MeMhXivuevgd8vgf6/CstOzmNKY/lLTHvNTrPy98cLnAugzJw==

"@rolldown/binding-linux-s390x-gnu@1.2.11":
  version "1.2.11"
  resolved "https://registry.yarnpkg.com/@rolldown/binding-linux-s390x-gnu/-/binding-linux-s390x-gnu-1.2.11.tgz#6be2645a1ad89185e8d03f69116798c94eae19ec"
  integrity sha512-secpEad+0vCbSfn8upFySkDskv+bGPk3THSDS9Y89yc4rb4kzqHp8Dmyd9BkQW4SnhNXBZCl/6CrO//hZahNJQ==

"@rolldown/binding-linux-x64-gnu@1.2.11":
  version "1.2.11"
  resolved "https://registry.yarnpkg.com/@rolldown/binding-linux-x64-gnu/-/binding-linux-x64-gnu-1.2.11.tgz#fbc9a6a6c3b3db00e35573c67894bfbaa3128040"
  integrity sha512-mOVBT3dPpkWm8XBWPmU4bf+U6dYDLeMo/9ojUmis4N0L5uu10qra5vOyngZ7/PSdoE4G9KvRt4bloRxNjLas7A==

"@rolldown/binding-linux-x64-musl@1.2.11":
  version "1.2.11"
  resolved "https://registry.yarnpkg.com/@rolldown/binding-linux-x64-musl/-/binding-linux-x64-musl-1.2.11.tgz#f3f07a30c03d1d3a673b21fd4eaba84979aa4fd4"
  integrity sha512-Is78i9A8Ui4SqcxUwFJ9uMmjDn58IbVTjFWYdQestFEgeuEmHMLGNriXnVJKkwG2YiZjw8cP0zCTyDMdDGtOOg==

"@rolldown/binding-openharmony-arm64@1.2.11":
  version "1.2.11"
  resolved "https://registry.yarnpkg.com/@rolldown/binding-openharmony-arm64/-/binding-openharmony-arm64-1.2.11.tgz#c3848c61dd3b15edde9c98dfa8d50edb356ec71f"
  integrity sha512-dUCXneZ87INUMyQ0D+C0HrEBNUPNXHaPmU5GTjyKTJEiussw9Kaj5Ln8UztPe4epV/ffvgNBEadksdYhmW6xJA==

"@rolldown/binding-win32-arm64-msvc@1.2.11":
  version "1.2.11"
  resolved "https://registry.yarnpkg.com/@rolldown/binding-win32-arm64-msvc/-/binding-win32-arm64-msvc-1.2.11.tgz#99d9f7eb53b26f09212d646e9f50708a2f14414f"
  integrity sha512-jByxb6qfd+bH1xUd0qnfFnb17i9sWBPY2tOavJ0l3tdr3OTu+Kvtm8cd/JV5nFt657b1VqGltxg9olOEfofXWw==

"@rolldown/binding-win32-x64-msvc@1.2.11":
  version "1.2.11"
  resolved "https://registry.yarnpkg.com/@rolldown/binding-win32-x64-msvc/-/binding-win32-x64-msvc-1.2.11.tgz#c7bf663043c01021f63122a8499e9aca36408467"
  integrity sha512-/PzKqzAJ03i19oy2ItPvyvaVjOjBCNnfaJs8yvUdGBKmiESgnrJSQ2awd81QzFbbnAmu7YO9ZnJrDCb9VSJPRA==

"@rolldown/pluginutils@^1.0.0":
  version "1.0.1"
  resolved "https://registry.yarnpkg.com/@rolldown/pluginutils/-/pluginutils-1.0.1.tgz#e3fcee093fbb5ce765e1ad088ff4de2889f6f9be"
  integrity sha512-2j9bGt5Jh8hj+vPtgzPtl72j0yRxHAyumoo6TNfAjsLB04UtpSvPbPcDcBMxz7n+9CYB0c1GxQFxYRg2jimqGw==

"@standard-schema/spec@^1.0.0":
  version "1.1.0"
  resolved "https://registry.yarnpkg.com/@standard-schema/spec/-/spec-1.1.0.tgz#a79b55dbaf8604812f52d140b2c9ab41bc150bb8"
  integrity sha512-l2aFy5jALhniG5HgqrD6jXLi/rUWrKvqN/qJx6yoJsgKhblVd+iqqU4RCXavm/jPityDo5TCvKMnpjKnOriy0w==

"@svatom/basic@^2.1.0":
  version "2.1.0"
  resolved "https://registry.yarnpkg.com/@svatom/basic/-/basic-2.1.0.tgz#abd533a77d8b6b3af1434855ca9210c32581336e"
  integrity sha512-MnASZ+oQo8qA2j4Sc0RPMKCKQIS5LSWm0exlcbaj7WlG9PrSNHSHP6A2aUmwpKapeGEzi7701bvxaocmQPIQcA==

"@sveltejs/acorn-typescript@^1.0.13", "@sveltejs/acorn-typescript@^1.0.9":
  version "1.0.13"
  resolved "https://registry.yarnpkg.com/@sveltejs/acorn-typescript/-/acorn-typescript-1.0.13.tgz#8c7c3cc7014e212f2e8fccee0159dbecfe602405"
  integrity sha512-wgKggnhZVL9Bfx1OaKKTrYY9BFRk6C8UAkQNUcIv1+llzYrIqy+RZm5HPKzn0NpEBvTVhTqB4kQyllZywsRBRQ==

"@sveltejs/adapter-auto@^7.0.1":
  version "7.0.1"
  resolved "https://registry.yarnpkg.com/@sveltejs/adapter-auto/-/adapter-auto-7.0.1.tgz#a2bf530d934ddc9b865966c2702614da258ab7bc"
  integrity sha512-dvuPm1E7M9NI/+canIQ6KKQDU2AkEefEZ2Dp7cY6uKoPq9Z/PhOXABe526UdW2mN986gjVkuSLkOYIBnS/M2LQ==

"@sveltejs/adapter-static@^3.0.10":
  version "3.0.10"
  resolved "https://registry.yarnpkg.com/@sveltejs/adapter-static/-/adapter-static-3.0.10.tgz#526ab78cd1d3a861dd0233e8ff34a204af40d595"
  integrity sha512-7D9lYFWJmB7zxZyTE/qxjksvMqzMuYrrsyh1f4AlZqeZeACPRySjbC3aFiY55wb1tWUaKOQG9PVbm74JcN2Iew==

"@sveltejs/kit@^2.57.0":
  version "2.70.3"
  resolved "https://registry.yarnpkg.com/@sveltejs/kit/-/kit-2.70.3.tgz#29199518912d79989cfd0460b1c931ff2dc1deb6"
  integrity sha512-UDvEYuZqAMbfB/oXIoqKvbKcb7YczK5zYrzmsGV1zRJk03jntwp8dXiYoIJotxAndsKvcPFtx9H1GRSKFdSHgg==
  dependencies:
    "@standard-schema/spec" "^1.0.0"
    "@sveltejs/acorn-typescript" "^1.0.9"
    "@types/cookie" "^0.6.0"
    acorn "^8.16.0"
    cookie "^0.6.0"
    devalue "^5.8.1"
    esm-env "^1.2.2"
    kleur "^4.1.5"
    magic-string "^0.30.5"
    mrmime "^2.0.0"
    set-cookie-parser "^3.0.0"
    sirv "^3.0.0"

"@sveltejs/load-config@^0.2.3":
  version "0.2.3"
  resolved "https://registry.yarnpkg.com/@sveltejs/load-config/-/load-config-0.2.3.tgz#5f54c7153d287a1b5f2e0a69fb7f10e91ba95d81"
  integrity sha512-VT3qmUb8pRV2QrZjd8iAmtg8lf4W0TIjZbvXtz5MKei/q96teWZgGJyyidJzOjzZzvdq616eSRVeMYIQChUTAQ==

"@sveltejs/vite-plugin-svelte@^7.0.0":
  version "7.3.1"
  resolved "https://registry.yarnpkg.com/@sveltejs/vite-plugin-svelte/-/vite-plugin-svelte-7.3.1.tgz#93f642883e09ef234325fb043a50821723f7fffc"
  integrity sha512-ZPsLN8B1e/En+Ak5s4V7srFDT532oS0qieLsQwu63NGKsS+iAjoO2Js1BochlHlglcU+Pt7WAO3C5Ee+4f6gVA==
  dependencies:
    deepmerge "^4.3.1"
    magic-string "^1.0.0"
    obug "^2.1.0"
    vitefu "^1.1.2"

"@threejs-kit/instanced-sprite-mesh@^2.5.1":
  version "2.5.1"
  resolved "https://registry.yarnpkg.com/@threejs-kit/instanced-sprite-mesh/-/instanced-sprite-mesh-2.5.1.tgz#5098c00734986450440db1bc5ec0731f66f53bb5"
  integrity sha512-pmt1ALRhbHhCJQTj2FuthH6PeLIeaM4hOuS2JO3kWSwlnvx/9xuUkjFR3JOi/myMqsH7pSsLIROSaBxDfttjeA==
  dependencies:
    diet-sprite "^0.0.1"
    earcut "^2.2.4"
    maath "^0.10.7"
    three-instanced-uniforms-mesh "^0.52.4"
    troika-three-utils "^0.52.4"

"@threlte/core@^8.5.16":
  version "8.6.1"
  resolved "https://registry.yarnpkg.com/@threlte/core/-/core-8.6.1.tgz#04a42fa4d6d725553128fb9ce406bed0b6ffd490"
  integrity sha512-8wge5mfgXS5pPxiZLpk007Rw5VpDCOlpc9kdNpAOgXW4gjuBqDhnkUPGsdbzikddqF+61S7T6v6O+j6mtZhB2g==

"@threlte/extras@^9.21.0":
  version "9.22.0"
  resolved "https://registry.yarnpkg.com/@threlte/extras/-/extras-9.22.0.tgz#79b7b4a219088be731d82008cb26df1f4269113f"
  integrity sha512-1bJlcFMpY16RKMgILBAki6pPm4r2FDHx/KGmJFlFj4CxAF31VkciBjXx3nAeqiMl2Brevsr9wfaccZ2dxirzrg==
  dependencies:
    "@threejs-kit/instanced-sprite-mesh" "^2.5.1"
    camera-controls "^3.1.2"
    three-mesh-bvh "^0.9.1"
    three-perf "^1.0.11"
    three-viewport-gizmo "^2.2.0"
    troika-three-text "^0.52.4"

"@tweenjs/tween.js@~23.1.3":
  version "23.1.3"
  resolved "https://registry.yarnpkg.com/@tweenjs/tween.js/-/tween.js-23.1.3.tgz#eff0245735c04a928bb19c026b58c2a56460539d"
  integrity sha512-vJmvvwFxYuGnF2axRtPYocag6Clbb5YS7kLL+SO/TeVFzHqDIWrNKYtcsPMibjDx9O+bu+psAy9NKfWklassUA==

"@types/cookie@^0.6.0":
  version "0.6.0"
  resolved "https://registry.yarnpkg.com/@types/cookie/-/cookie-0.6.0.tgz#eac397f28bf1d6ae0ae081363eca2f425bedf0d5"
  integrity sha512-4Kh9a6B2bQciAhf7FSuMRRkUWecJgJu9nPnx3yzpsfXX/c50REIqpHY4C82bXP90qrLtXtkDxTZosYO3UpOwlA==

"@types/estree@^1.0.6", "@types/estree@^1.0.9":
  version "1.0.9"
  resolved "https://registry.yarnpkg.com/@types/estree/-/estree-1.0.9.tgz#cf3f0e876d7bee15a93ab925b82bf570a3904a24"
  integrity sha512-GhdPgy1el4/ImP05X05Uw4cw2/M93BCUmnEvWZNStlCzEKME4Fkk+YpoA5OiHNQmoS7Cafb8Xa3Pya8m1Qrzeg==

"@types/stats.js@*":
  version "0.17.4"
  resolved "https://registry.yarnpkg.com/@types/stats.js/-/stats.js-0.17.4.tgz#1933e5ff153a23c7664487833198d685c22e791e"
  integrity sha512-jIBvWWShCvlBqBNIZt0KAshWpvSjhkwkEu4ZUcASoAvhmrgAUI2t1dXrjSL4xXVLB4FznPrIsX3nKXFl/Dt4vA==

"@types/three@^0.185.1":
  version "0.185.4"
  resolved "https://registry.yarnpkg.com/@types/three/-/three-0.185.4.tgz#ad7f25215e401c1c2038ac150e7a3361366b38a7"
  integrity sha512-gAsBIC07NIFrxjbf7tH2t71c38uulFfk/RFoC7FNBSjMRAQ8J1x/RBvusX0N5PJouaYFJawXQqfCQ0RKUx/1nA==
  dependencies:
    "@dimforge/rapier3d-compat" "~0.12.0"
    "@tweenjs/tween.js" "~23.1.3"
    "@types/stats.js" "*"
    "@types/webxr" ">=0.5.17"
    fflate "~0.8.2"
    meshoptimizer "~1.1.1"

"@types/webxr@>=0.5.17":
  version "0.5.24"
  resolved "https://registry.yarnpkg.com/@types/webxr/-/webxr-0.5.24.tgz#734d5d90dadc5809a53e422726c60337fa2f4a44"
  integrity sha512-h8fgEd/DpoS9CBrjEQXR+dIDraopAEfu4wYVNY2tEPwk60stPWhvZMf4Foo5FakuQ7HFZoa8WceaWFervK2Ovg==

acorn@^8.16.0, acorn@^8.18.0:
  version "8.18.0"
  resolved "https://registry.yarnpkg.com/acorn/-/acorn-8.18.0.tgz#4faf01b2d6d326bfeed97aea1f52220b5f4c1940"
  integrity sha512-lGq+9yr1/GuAWaVYIHRjvvySG5/4VfKIvC8EWxStPdcDh/Ka7FG3twP6v4d5BkravUilhIAsG4Qj83t02LWUPQ==

aria-query@5.3.1:
  version "5.3.1"
  resolved "https://registry.yarnpkg.com/aria-query/-/aria-query-5.3.1.tgz#ebcb2c0d7fc43e68e4cb22f774d1209cb627ab42"
  integrity sha512-Z/ZeOgVl7bcSYZ/u/rh0fOpvEpq//LZmdbkXyc7syVzjPAhfOa9ebsdTSjEBDU4vs5nC98Kfduj1uFo0qyET3g==

axobject-query@^4.1.0:
  version "4.1.0"
  resolved "https://registry.yarnpkg.com/axobject-query/-/axobject-query-4.1.0.tgz#28768c76d0e3cff21bc62a9e2d0b6ac30042a1ee"
  integrity sha512-qIj0G9wZbMGNLjLmg1PT6v2mE9AH2zlnADJD/2tC6E00hgmhUOfEB6greHPAfLRSufHqROIUTkw6E+M3lH0PTQ==

bidi-js@^1.0.2:
  version "1.1.0"
  resolved "https://registry.yarnpkg.com/bidi-js/-/bidi-js-1.1.0.tgz#c92efafe3fce3b9fdd30ba67bdddf0dd4d424af7"
  integrity sha512-fX1Onk0tdVPC7obPWB5EbJ1z7NVhLq4m2xZLq2YXBkxzMXIGRpNMU88n0EPgWseKl12J7zXs7qrDxPK4sRs2fg==
  dependencies:
    require-from-string "^2.0.2"

camera-controls@^3.1.2:
  version "3.1.2"
  resolved "https://registry.yarnpkg.com/camera-controls/-/camera-controls-3.1.2.tgz#fb504fa77ade929aa75c22ba42d0b53f48a81e44"
  integrity sha512-xkxfpG2ECZ6Ww5/9+kf4mfg1VEYAoe9aDSY+IwF0UEs7qEzwy0aVRfs2grImIECs/PoBtWFrh7RXsQkwG922JA==

chokidar@^4.0.1:
  version "4.0.3"
  resolved "https://registry.yarnpkg.com/chokidar/-/chokidar-4.0.3.tgz#7be37a4c03c9aee1ecfe862a4a23b2c70c205d30"
  integrity sha512-Qgzu8kfBvo+cA4962jnP1KkS6Dop5NS6g7R5LFYJr4b8Ub94PPQXUksCw9PvXoeXPRRddRNC5C1JQUR2SMGtnA==
  dependencies:
    readdirp "^4.0.1"

clsx@^2.1.1:
  version "2.1.1"
  resolved "https://registry.yarnpkg.com/clsx/-/clsx-2.1.1.tgz#eed397c9fd8bd882bfb18deab7102049a2f32999"
  integrity sha512-eYm0QWBtUrBWZWG0d386OGAw16Z995PiOVo2B7bjWSbHedGl5e0ZWaq65kOGgUSNesEIDkB9ISbTg/JK9dhCZA==

cookie@^0.6.0:
  version "0.6.0"
  resolved "https://registry.yarnpkg.com/cookie/-/cookie-0.6.0.tgz#2798b04b071b0ecbff0dbb62a505a8efa4e19051"
  integrity sha512-U71cyTamuh1CRNCfpGY6to28lxvNwPG4Guz/EVjgf3Jmzv0vlDp1atT9eS5dDjMYHucpHbWns6Lwf3BKz6svdw==

deepmerge@^4.3.1:
  version "4.3.1"
  resolved "https://registry.yarnpkg.com/deepmerge/-/deepmerge-4.3.1.tgz#44b5f2147cd3b00d4b56137685966f26fd25dd4a"
  integrity sha512-3sUqbMEc77XqpdNO7FRyRog+eW3ph+GYCbj+rK+uYyRMuwsVy0rMiVtPn+QJlKFvWP/1PYpapqYn0Me2knFn+A==

detect-libc@^2.0.3:
  version "2.1.2"
  resolved "https://registry.yarnpkg.com/detect-libc/-/detect-libc-2.1.2.tgz#689c5dcdc1900ef5583a4cb9f6d7b473742074ad"
  integrity sha512-Btj2BOOO83o3WyH59e8MgXsxEQVcarkUOpEYrubB0urwnN10yQ364rsiByU11nZlqWYZm05i/of7io4mzihBtQ==

devalue@^5.8.1, devalue@^5.9.2:
  version "5.9.4"
  resolved "https://registry.yarnpkg.com/devalue/-/devalue-5.9.4.tgz#f6ccb639568f50233936c8c48b92a690cfb22c34"
  integrity sha512-sPAT4pztbu6586/hrhOnMKS17IJrvg12mXiSPSS3W5qDeN2RGgvZ0diZCm31dBbnevfVmujNO3IM2wrS4Y2Rhg==

diet-sprite@^0.0.1:
  version "0.0.1"
  resolved "https://registry.yarnpkg.com/diet-sprite/-/diet-sprite-0.0.1.tgz#36bb48bbc2b6d231e8c53c93076eafd3040a78f6"
  integrity sha512-zSHI2WDAn1wJqJYxcmjWfJv3Iw8oL9reQIbEyx2x2/EZ4/qmUTIo8/5qOCurnAcq61EwtJJaZ0XTy2NRYqpB5A==

earcut@^2.2.4:
  version "2.2.4"
  resolved "https://registry.yarnpkg.com/earcut/-/earcut-2.2.4.tgz#6d02fd4d68160c114825d06890a92ecaae60343a"
  integrity sha512-/pjZsA1b4RPHbeWZQn66SWS8nZZWLQQ23oE3Eam7aroEFGEvwKAsJfZ9ytiEMycfzXWpca4FA9QIOehf7PocBQ==

esm-env@^1.2.1, esm-env@^1.2.2:
  version "1.2.2"
  resolved "https://registry.yarnpkg.com/esm-env/-/esm-env-1.2.2.tgz#263c9455c55861f41618df31b20cb571fc20b75e"
  integrity sha512-Epxrv+Nr/CaL4ZcFGPJIYLWFom+YeV1DqMLHJoEd9SYRxNbaFruBwfEX/kkHUJf55j2+TUbmDcmuilbP1TmXHA==

esrap@^2.3.6:
  version "2.4.0"
  resolved "https://registry.yarnpkg.com/esrap/-/esrap-2.4.0.tgz#ea090ec9815d7d9acca2e6d6e89e54e183c34f42"
  integrity sha512-CQPcneEHw/czj32uwQC52nYnax8H4SXt25FCM+LIwGZ49cMIxpOj3bP8wmzcI+Z0HIy5KkClaPhRLfCySzwHPA==
  dependencies:
    "@jridgewell/sourcemap-codec" "^1.4.15"

fdir@^6.2.0, fdir@^6.5.0:
  version "6.5.0"
  resolved "https://registry.yarnpkg.com/fdir/-/fdir-6.5.0.tgz#ed2ab967a331ade62f18d077dae192684d50d350"
  integrity sha512-tIbYtZbucOs0BRGqPJkshJUYdL+SDH7dVM8gjy+ERp3WAUjLEFJE+02kanyHtwjWOnwrKYBiwAmM0p4kLJAnXg==

fflate@~0.8.2:
  version "0.8.3"
  resolved "https://registry.yarnpkg.com/fflate/-/fflate-0.8.3.tgz#bc27d8eb30343d4d512abb03480202ce65d825fc"
  integrity sha512-tbZNuJrLwGUp3zshBtdy4W+ORxZuIh8a5ilyIEQDC5rY1f3U20JMry0Ll3WBzU58EZKsEuJFXhb5gwv8CsPvgA==

fsevents@~2.3.3:
  version "2.3.3"
  resolved "https://registry.yarnpkg.com/fsevents/-/fsevents-2.3.3.tgz#cac6407785d03675a2a5e1a5305c697b347d90d6"
  integrity sha512-5xoDfX+fL7faATnagmWPpbFtwh/R77WmMMqqHGS65C3vvB0YHrgF+B1YmZ3441tMj5n63k0212XNoJwzlhffQw==

highlight.js@^11.12.0:
  version "11.12.0"
  resolved "https://registry.yarnpkg.com/highlight.js/-/highlight.js-11.12.0.tgz#470d918fd556a76debc40fe5e4b540b6b9cb9890"
  integrity sha512-nbfWpyRMcMrPMmDwJB+dhX/eiaPKtc2RB+0QZskqJ3WjRA/FDS0e9hZrx8EC/lbEv8gXy98FcDbNa/dspAaJMg==

is-reference@^3.0.3:
  version "3.0.3"
  resolved "https://registry.yarnpkg.com/is-reference/-/is-reference-3.0.3.tgz#9ef7bf9029c70a67b2152da4adf57c23d718910f"
  integrity sha512-ixkJoqQvAP88E6wLydLGGqCJsrFUnqoH6HnaczB8XmDH1oaWU+xxdptvikTgaEhtZ53Ky6YXiBuUI2WXLMCwjw==
  dependencies:
    "@types/estree" "^1.0.6"

kleur@^4.1.5:
  version "4.1.5"
  resolved "https://registry.yarnpkg.com/kleur/-/kleur-4.1.5.tgz#95106101795f7050c6c650f350c683febddb1780"
  integrity sha512-o+NO+8WrRiQEE4/7nwRJhN1HWpVmJm511pBHUxPLtp0BUISzlBplORYSmTclCnJvQq2tKu/sgl3xVpkc7ZWuQQ==

lightningcss-android-arm64@1.33.0:
  version "1.33.0"
  resolved "https://registry.yarnpkg.com/lightningcss-android-arm64/-/lightningcss-android-arm64-1.33.0.tgz#9a6841f88ae50fc83502903892b41af41bc2b907"
  integrity sha512-gEpRTalKdosp4Bb8qWtc2iOgE5SeIHlpS1up9bFq2wAyYhl1UdTObYiHe98zEM9SQvSoqQZ1IQD0JNpg3Ml5pg==

lightningcss-darwin-arm64@1.33.0:
  version "1.33.0"
  resolved "https://registry.yarnpkg.com/lightningcss-darwin-arm64/-/lightningcss-darwin-arm64-1.33.0.tgz#c0f2c31c0bfd19fa4dd3f18e957a1f1a152097d6"
  integrity sha512-Sciaz8eenNTKn9b3t7+xr0ipTp9YxKQY4npwQ3mrRuL0BAVHBLyZxofhaKBAVtzmtRZ/zTyo0/to4B1uWG/Djg==

lightningcss-darwin-x64@1.33.0:
  version "1.33.0"
  resolved "https://registry.yarnpkg.com/lightningcss-darwin-x64/-/lightningcss-darwin-x64-1.33.0.tgz#cb0705965acb538c6683949ce6925fb3cdf7c361"
  integrity sha512-Z5UPAxzrjlWNNyGy6i65cJzzvgJ5D3T6wMvs+gWpY9d7qRhANrxqAp6LhxIgZhWEw18RfJTGcRxjuLIBr+m8XQ==

lightningcss-freebsd-x64@1.33.0:
  version "1.33.0"
  resolved "https://registry.yarnpkg.com/lightningcss-freebsd-x64/-/lightningcss-freebsd-x64-1.33.0.tgz#763538828b26bab2680dadafcc84ee78b0eb502b"
  integrity sha512-QQM/Ti/hQajJwCY+RiWuCZ9sdtI/XQk7nDK5vC8kkdwixezOlDgvDx7+RT+QjK6FcFT4MpsuoBnHIo/O3StRRg==

lightningcss-linux-arm-gnueabihf@1.33.0:
  version "1.33.0"
  resolved "https://registry.yarnpkg.com/lightningcss-linux-arm-gnueabihf/-/lightningcss-linux-arm-gnueabihf-1.33.0.tgz#6862e3176a331aedbdec1ed352b4d7d0dd0784de"
  integrity sha512-N7FVBe6iS24MlM6R/4RBTxGhQheZGs7tiQ9U32UtF75NzP5Q7xWPRqLBCKxlRQRk3rY1jCIPLzx7WzOhuUIRLQ==

lightningcss-linux-arm64-gnu@1.33.0:
  version "1.33.0"
  resolved "https://registry.yarnpkg.com/lightningcss-linux-arm64-gnu/-/lightningcss-linux-arm64-gnu-1.33.0.tgz#c6a3a2ed15141daf6bdc2628930f8e39bdf473aa"
  integrity sha512-j2v/itmy4HlNxlc6voKXYgBqNi0Ng2LShg4z7GufpEgs05P+2suBVyi9I6YHq5uoVFx9ETin3eCEhLVyXGQnKg==

lightningcss-linux-arm64-musl@1.33.0:
  version "1.33.0"
  resolved "https://registry.yarnpkg.com/lightningcss-linux-arm64-musl/-/lightningcss-linux-arm64-musl-1.33.0.tgz#7fa1334971fc82845f9827df6ef8a0b20914bac6"
  integrity sha512-yiO5ROMuYQgXbC60yjZU5CYSFZGKXL0HFATXt9mHJn1+zW55oCtMI9NfcVhYLMFDL7gV7oBPon/EmMMGg2OvtQ==

lightningcss-linux-x64-gnu@1.33.0:
  version "1.33.0"
  resolved "https://registry.yarnpkg.com/lightningcss-linux-x64-gnu/-/lightningcss-linux-x64-gnu-1.33.0.tgz#8b927862ea8c2bbc6831a46509244b50d9936e55"
  integrity sha512-ar+Ju7LmcN0Jo4FpL4hpFybwNG9/3A/Br5KW2n2jyODg3MEZXaDYADdemoNS+BDNfMgKvylJLj4S5tyRActuAg==

lightningcss-linux-x64-musl@1.33.0:
  version "1.33.0"
  resolved "https://registry.yarnpkg.com/lightningcss-linux-x64-musl/-/lightningcss-linux-x64-musl-1.33.0.tgz#0c525bb077dfd94404c059cfe42dad797e96aeaf"
  integrity sha512-RYiYbkokw0trfKqqzfF55lginwEPrD3OJDfTuJzFs1MK6iFnDenaz1fqLLtX4ITG3OktJQXOeTaw1awrBAlZPw==

lightningcss-win32-arm64-msvc@1.33.0:
  version "1.33.0"
  resolved "https://registry.yarnpkg.com/lightningcss-win32-arm64-msvc/-/lightningcss-win32-arm64-msvc-1.33.0.tgz#850ee1103dac989cfab50e3ac22d1a69e394e63d"
  integrity sha512-1K+MPfLSFVpphzpdbfkhlWk6wBrTObBzS2T6db10PNOZgR9GoVsAWzwNyuhUYYbTp23j+4RrncfujZ4uAzXvwA==

lightningcss-win32-x64-msvc@1.33.0:
  version "1.33.0"
  resolved "https://registry.yarnpkg.com/lightningcss-win32-x64-msvc/-/lightningcss-win32-x64-msvc-1.33.0.tgz#e343ae152eed3609dc6e11949d1a3bf39a1c946f"
  integrity sha512-OlEICDx/Xl0FqSp4bry8zFnCvGpig3Gl4gCquvYwHuqJKEC1+n9NgDniFvqHGmMv1ZkqDJrDqKKSykTDX+ehuA==

lightningcss@^1.33.0:
  version "1.33.0"
  resolved "https://registry.yarnpkg.com/lightningcss/-/lightningcss-1.33.0.tgz#c08867d71a79385c6e190214fd72fef3e5f95f0b"
  integrity sha512-WkUDrojuJs0xkgGf2udWxa3yGBRxPtxUkB79i6aCZLRgc7PM8fZe9TosfPDcvEpQZbuFASnHYmRLBLUbmLOIIA==
  dependencies:
    detect-libc "^2.0.3"
  optionalDependencies:
    lightningcss-android-arm64 "1.33.0"
    lightningcss-darwin-arm64 "1.33.0"
    lightningcss-darwin-x64 "1.33.0"
    lightningcss-freebsd-x64 "1.33.0"
    lightningcss-linux-arm-gnueabihf "1.33.0"
    lightningcss-linux-arm64-gnu "1.33.0"
    lightningcss-linux-arm64-musl "1.33.0"
    lightningcss-linux-x64-gnu "1.33.0"
    lightningcss-linux-x64-musl "1.33.0"
    lightningcss-win32-arm64-msvc "1.33.0"
    lightningcss-win32-x64-msvc "1.33.0"

locate-character@^3.0.0:
  version "3.0.0"
  resolved "https://registry.yarnpkg.com/locate-character/-/locate-character-3.0.0.tgz#0305c5b8744f61028ef5d01f444009e00779f974"
  integrity sha512-SW13ws7BjaeJ6p7Q6CO2nchbYEc3X3J6WrmTTDto7yMPqVSZTUyY5Tjbid+Ab8gLnATtygYtiDIJGQRRn2ZOiA==

maath@^0.10.7:
  version "0.10.8"
  resolved "https://registry.yarnpkg.com/maath/-/maath-0.10.8.tgz#cf647544430141bf6982da6e878abb6c4b804e24"
  integrity sha512-tRvbDF0Pgqz+9XUa4jjfgAQ8/aPKmQdWXilFu2tMy4GWj4NOsx99HlULO4IeREfbO3a0sA145DZYyvXPkybm0g==

magic-string@^0.30.11, magic-string@^0.30.5:
  version "0.30.21"
  resolved "https://registry.yarnpkg.com/magic-string/-/magic-string-0.30.21.tgz#56763ec09a0fa8091df27879fd94d19078c00d91"
  integrity sha512-vd2F4YUyEXKGcLHoq+TEyCjxueSeHnFxyyjNp80yg0XV4vUhnDer/lvvlqM/arB5bXQN5K2/3oinyCRyx8T2CQ==
  dependencies:
    "@jridgewell/sourcemap-codec" "^1.5.5"

magic-string@^1.0.0:
  version "1.4.2"
  resolved "https://registry.yarnpkg.com/magic-string/-/magic-string-1.4.2.tgz#508aef4aac7319496dc074ec60ea511c49daf138"
  integrity sha512-vG+rjFRj1PqdIBozIxAGMjPlOhaVe+GXpbttY/iSK7rGcJRMlwNJO7dcUwmUqkymsFLJiNGI06t4D7Fr7yRC9g==
  dependencies:
    "@jridgewell/sourcemap-codec" "^1.6.0"

meshoptimizer@~1.1.1:
  version "1.1.1"
  resolved "https://registry.yarnpkg.com/meshoptimizer/-/meshoptimizer-1.1.1.tgz#20c7d050d59bdc573154814f6a37d47d89908cca"
  integrity sha512-oRFNWJRDA/WTrVj7NWvqa5HqE1t9MYDj2VaWirQCzCCrAd2GHrqR/sQezCxiWATPNlKTcRaPRHPJwIRoPBAp5g==

mri@^1.1.0:
  version "1.2.0"
  resolved "https://registry.yarnpkg.com/mri/-/mri-1.2.0.tgz#6721480fec2a11a4889861115a48b6cbe7cc8f0b"
  integrity sha512-tzzskb3bG8LvYGFF/mDTpq3jpI6Q9wc3LEmBaghu+DdCssd1FakN7Bc0hVNmEyGq1bq3RgfkCb3cmQLpNPOroA==

mrmime@^2.0.0:
  version "2.0.1"
  resolved "https://registry.yarnpkg.com/mrmime/-/mrmime-2.0.1.tgz#bc3e87f7987853a54c9850eeb1f1078cd44adddc"
  integrity sha512-Y3wQdFg2Va6etvQ5I82yUhGdsKrcYox6p7FfL1LbK2J4V01F9TGlepTIhnK24t7koZibmg82KGglhA1XK5IsLQ==

nanoid@^3.3.18:
  version "3.3.19"
  resolved "https://registry.yarnpkg.com/nanoid/-/nanoid-3.3.19.tgz#336d4aa4bcd4fb24d2cddede7ffeae40bec03f0a"
  integrity sha512-Y2tUNy4ouw6tq5oDSKeQYGOyhkUBhNOcGV/02KC+6kd9eDGqdZd++mjMiIDilrBYvjEnCYvVtsuHCuP+okSfug==

obug@^2.1.0:
  version "2.2.1"
  resolved "https://registry.yarnpkg.com/obug/-/obug-2.2.1.tgz#9c453efeeda822050eb9774242e969c784d64d78"
  integrity sha512-XrsrhT5sybtKI6wakr2SPOlGZWWYbUXZ7a0jT8/QOeAPau+1X/bSegNe5YR75oJmEZQbKningirmGOEJCIk61Q==

picocolors@^1.0.0, picocolors@^1.1.1:
  version "1.1.1"
  resolved "https://registry.yarnpkg.com/picocolors/-/picocolors-1.1.1.tgz#3d321af3eab939b083c8f929a1d12cda81c26b6b"
  integrity sha512-xceH2snhtb5M9liqDsmEw56le376mTZkEX/jEb/RxNFyegNul7eNslCXP9FDj/Lcu0X8KEyMceP2ntpaHrDEVA==

picomatch@^4.0.4, picomatch@^4.0.7:
  version "4.0.7"
  resolved "https://registry.yarnpkg.com/picomatch/-/picomatch-4.0.7.tgz#6313360034ccb36b3dc61ecbdff78121f90fe21f"
  integrity sha512-qcJu88Q2IWqJsDD529JKMdwGm/dvInW4HvQnRwiH9JtihJvzGOscDtHE3x1pBKeUOTysQ8kVmLnJ2kJu7yhcGA==

postcss@^8.5.28:
  version "8.5.28"
  resolved "https://registry.yarnpkg.com/postcss/-/postcss-8.5.28.tgz#da4563a99a06e62d6c1cd1acae363224bcaed6e9"
  integrity sha512-RRuzqDtt5Y9h3quz5hWhK+TPnsmVs6WwSU6LkJMeY4HstUEDuYTG8UJSdawMRzmzAtV+KEoG8N3Qg2qLy5vM/A==
  dependencies:
    nanoid "^3.3.18"
    picocolors "^1.1.1"
    source-map-js "^1.2.1"

readdirp@^4.0.1:
  version "4.1.2"
  resolved "https://registry.yarnpkg.com/readdirp/-/readdirp-4.1.2.tgz#eb85801435fbf2a7ee58f19e0921b068fc69948d"
  integrity sha512-GDhwkLfywWL2s6vEjyhri+eXmfH6j1L7JE27WhqLeYzoh/A3DBaYGEj2H/HFZCn/kMfim73FXxEJTw06WtxQwg==

regl@^2.1.1:
  version "2.1.1"
  resolved "https://registry.yarnpkg.com/regl/-/regl-2.1.1.tgz#fb3eecbc684031ec6172f68aaab2cbe9c3aa3148"
  integrity sha512-+IOGrxl3FZ8ZM9ixCWQZzFRiRn7Rzn9bu3iFHwg/yz4tlOUQgbO4PHLgG+1ZT60zcIV8tief6Qrmyl8qcoJP0g==

require-from-string@^2.0.2:
  version "2.0.2"
  resolved "https://registry.yarnpkg.com/require-from-string/-/require-from-string-2.0.2.tgz#89a7fdd938261267318eafe14f9c32e598c36909"
  integrity sha512-Xf0nWe6RseziFMu+Ap9biiUbmplq6S9/p+7w7YXP/JBHhrUDDUhwa+vANyubuqfZWTveU//DYVGsDG7RKL/vEw==

rolldown@~1.2.9:
  version "1.2.11"
  resolved "https://registry.yarnpkg.com/rolldown/-/rolldown-1.2.11.tgz#89c4e07d9098b88fe0b023de59d63a6216e9285c"
  integrity sha512-qpSwIyz0jHQq5qXBTNxFmE6664rJ7O+4TvPFOiOaBSrz8IOHc1koKKSqTM2H6u1UG1+TveuC6vaDHKXFOvb1Kw==
  dependencies:
    "@oxc-project/types" "=0.151.0"
    "@rolldown/pluginutils" "^1.0.0"
  optionalDependencies:
    "@rolldown/binding-android-arm-eabi" "1.2.11"
    "@rolldown/binding-android-arm64" "1.2.11"
    "@rolldown/binding-darwin-arm64" "1.2.11"
    "@rolldown/binding-darwin-x64" "1.2.11"
    "@rolldown/binding-freebsd-x64" "1.2.11"
    "@rolldown/binding-linux-arm-gnueabihf" "1.2.11"
    "@rolldown/binding-linux-arm64-gnu" "1.2.11"
    "@rolldown/binding-linux-arm64-musl" "1.2.11"
    "@rolldown/binding-linux-ppc64-gnu" "1.2.11"
    "@rolldown/binding-linux-s390x-gnu" "1.2.11"
    "@rolldown/binding-linux-x64-gnu" "1.2.11"
    "@rolldown/binding-linux-x64-musl" "1.2.11"
    "@rolldown/binding-openharmony-arm64" "1.2.11"
    "@rolldown/binding-win32-arm64-msvc" "1.2.11"
    "@rolldown/binding-win32-x64-msvc" "1.2.11"

sade@^1.7.4:
  version "1.8.1"
  resolved "https://registry.yarnpkg.com/sade/-/sade-1.8.1.tgz#0a78e81d658d394887be57d2a409bf703a3b2701"
  integrity sha512-xal3CZX1Xlo/k4ApwCFrHVACi9fBqJ7V+mwhBsuf/1IOKbBy098Fex+Wa/5QMubw09pSZ/u8EY8PWgevJsXp1A==
  dependencies:
    mri "^1.1.0"

set-cookie-parser@^3.0.0:
  version "3.1.2"
  resolved "https://registry.yarnpkg.com/set-cookie-parser/-/set-cookie-parser-3.1.2.tgz#f4e490298759d756a68eabcbcd0fc9261ad0fee0"
  integrity sha512-5/r/lTwbJ3zQ+qwdUFZYeRNqda7P5HD8zQKqlSjdGt1/S0cjLAphHusj4Y58ahDtWn/g32xrIS58/ikOvwl0Lw==

sirv@^3.0.0:
  version "3.0.2"
  resolved "https://registry.yarnpkg.com/sirv/-/sirv-3.0.2.tgz#f775fccf10e22a40832684848d636346f41cd970"
  integrity sha512-2wcC/oGxHis/BoHkkPwldgiPSYcpZK3JU28WoMVv55yHJgcZ8rlXvuG9iZggz+sU1d4bRgIGASwyWqjxu3FM0g==
  dependencies:
    "@polka/url" "^1.0.0-next.24"
    mrmime "^2.0.0"
    totalist "^3.0.0"

source-map-js@^1.2.1:
  version "1.2.1"
  resolved "https://registry.yarnpkg.com/source-map-js/-/source-map-js-1.2.1.tgz#1ce5650fddd87abc099eda37dcff024c2667ae46"
  integrity sha512-UXWMKhLOwVKb728IUtQPXxfYU+usdybtUrK/8uGE8CQMvrhOpwvzDBwj0QhSL7MQc7vIsISBG8VQ8+IDQxpfQA==

svelte-check@^4.4.6:
  version "4.7.6"
  resolved "https://registry.yarnpkg.com/svelte-check/-/svelte-check-4.7.6.tgz#63cba2ab096d3c96b6b483575815f1f88acfe039"
  integrity sha512-t2scM//ZuVbSY/T2w6FSBw1v9s2NEmh/g+sy1lqtosW5ylBV5AF4wFb1Ts9Kf3MbfPDUDJDZ9L436YT0SPTdvw==
  dependencies:
    "@jridgewell/trace-mapping" "^0.3.25"
    "@sveltejs/load-config" "^0.2.3"
    chokidar "^4.0.1"
    fdir "^6.2.0"
    picocolors "^1.0.0"
    sade "^1.7.4"

svelte@^5.56.10:
  version "5.57.1"
  resolved "https://registry.yarnpkg.com/svelte/-/svelte-5.57.1.tgz#57f287fa7872652ae762dba70599d662a549af15"
  integrity sha512-Uqj49lWKB+iSSnneuwiYYJ7MZgkB+eXr0LXBhv4uDuAkXqnWmq65Sxflfvp0Lc6MdKjMUxGaeOKWJqz5SNiVIA==
  dependencies:
    "@jridgewell/remapping" "^2.3.5"
    "@jridgewell/sourcemap-codec" "^1.6.0"
    "@sveltejs/acorn-typescript" "^1.0.13"
    "@types/estree" "^1.0.9"
    acorn "^8.18.0"
    aria-query "5.3.1"
    axobject-query "^4.1.0"
    clsx "^2.1.1"
    devalue "^5.9.2"
    esm-env "^1.2.1"
    esrap "^2.3.6"
    is-reference "^3.0.3"
    locate-character "^3.0.0"
    magic-string "^0.30.11"
    zimmerframe "^1.1.2"

three-instanced-uniforms-mesh@^0.52.4:
  version "0.52.5"
  resolved "https://registry.yarnpkg.com/three-instanced-uniforms-mesh/-/three-instanced-uniforms-mesh-0.52.5.tgz#2cbce6a3c85356f62d1aea05773532bf29ebae51"
  integrity sha512-6HrT4tNoSSw83yVAxqPmBZDLg9T7blWsZCqfHjPu7MKxHLt3pV4RMA+NxEwLokbqh7qFGDadhfYwjL0aLhb5fw==
  dependencies:
    troika-three-utils "^0.52.5"

three-mesh-bvh@^0.9.1:
  version "0.9.15"
  resolved "https://registry.yarnpkg.com/three-mesh-bvh/-/three-mesh-bvh-0.9.15.tgz#0e070be254527155b4cc9285277cddaf531d8ef1"
  integrity sha512-9xdEDkCzFoT8VPFH9DznwFSdbaIEjMvM106Iqq7TJurrIheUKDcdW4prfJTCxryih4XS/UxWs0H3K4MLMRFyOQ==

three-perf@^1.0.11:
  version "1.0.11"
  resolved "https://registry.yarnpkg.com/three-perf/-/three-perf-1.0.11.tgz#64c17024b9fbf353b077313a22bbfbf3158dec57"
  integrity sha512-OgBpZjwL+csQKGKZjpkH/QHdbGFMxqngMbSEJeSnVNfXDYd6On7WHNv/GhUZH4YxIpNMwMahBWrNnsJvnbSJHQ==
  dependencies:
    troika-three-text "^0.52.0"
    tweakpane "^3.1.10"

three-viewport-gizmo@^2.2.0:
  version "2.2.0"
  resolved "https://registry.yarnpkg.com/three-viewport-gizmo/-/three-viewport-gizmo-2.2.0.tgz#0fa83d25a156040cd6225ce1124828c03c118bfe"
  integrity sha512-Jo9Liur1rUmdKk75FZumLU/+hbF+RtJHi1qsKZpntjKlCYScK6tjbYoqvJ9M+IJphrlQJF5oReFW7Sambh0N4Q==

three@^0.185.1:
  version "0.185.1"
  resolved "https://registry.yarnpkg.com/three/-/three-0.185.1.tgz#63e9e241a17b101e211965121a017b4b4d8054ae"
  integrity sha512-5aojFCXKwnjBRZvUnt3WFfEcvUJgkN5LlijRFN95hMy8WVkG4I0QNcJE+OuWvuJ0bOdStrbfXn0pkd6/QyiAlg==

tinyglobby@^0.2.17:
  version "0.2.17"
  resolved "https://registry.yarnpkg.com/tinyglobby/-/tinyglobby-0.2.17.tgz#562a9a6c9eb2b3b123d39719f9af5bb44fcd7631"
  integrity sha512-wXR/dYpcqKmfWpEdZjiKJOwCNFndD0DMnrW/cYjVGttEkBfVgcLFHoNrlj47mjOVic9yyNu65alsgF4NQyTa2g==
  dependencies:
    fdir "^6.5.0"
    picomatch "^4.0.4"

totalist@^3.0.0:
  version "3.0.1"
  resolved "https://registry.yarnpkg.com/totalist/-/totalist-3.0.1.tgz#ba3a3d600c915b1a97872348f79c127475f6acf8"
  integrity sha512-sf4i37nQ2LBx4m3wB74y+ubopq6W/dIzXg0FDGjsYnZHVa1Da8FH853wlL2gtUhg+xJXjfk3kUZS3BRoQeoQBQ==

troika-three-text@^0.52.0, troika-three-text@^0.52.4:
  version "0.52.5"
  resolved "https://registry.yarnpkg.com/troika-three-text/-/troika-three-text-0.52.5.tgz#af5a9f2c0cbe5fe70165cbc870f7037f379e4a9a"
  integrity sha512-Ry3jRhic9pzcY4JduSvRRyDmVOSqEW19gT4vtK+aCiPNVcDlmkxvGG0YbFd36RTDq1wExOupXnvNF/j1oiHHDA==
  dependencies:
    bidi-js "^1.0.2"
    troika-three-utils "^0.52.5"
    troika-worker-utils "^0.52.0"
    webgl-sdf-generator "1.1.1"

troika-three-utils@^0.52.4, troika-three-utils@^0.52.5:
  version "0.52.5"
  resolved "https://registry.yarnpkg.com/troika-three-utils/-/troika-three-utils-0.52.5.tgz#865b269d155bb5e8f1c1c8d6ccbf123022cb4293"
  integrity sha512-WsePbcX8RtfidRfsxK1eCZCjF81ZDzAKHH/evLs0hdV2wpoCb0vArGZHdzdOJrSS3k4zfdtbKDaBh8+phkrYnw==

troika-worker-utils@^0.52.0:
  version "0.52.0"
  resolved "https://registry.yarnpkg.com/troika-worker-utils/-/troika-worker-utils-0.52.0.tgz#ba5525fc444345006ebab0bc9cabdd66f1561e66"
  integrity sha512-W1CpvTHykaPH5brv5VHLfQo9D1OYuo0cSBEUQFFT/nBUzM8iD6Lq2/tgG/f1OelbAS1WtaTPQzE5uM49egnngw==

tweakpane@^3.1.10:
  version "3.1.10"
  resolved "https://registry.yarnpkg.com/tweakpane/-/tweakpane-3.1.10.tgz#d2e11a3ee668017f7572ce53417f06eed41f5ab8"
  integrity sha512-rqwnl/pUa7+inhI2E9ayGTqqP0EPOOn/wVvSWjZsRbZUItzNShny7pzwL3hVlaN4m9t/aZhsP0aFQ9U5VVR2VQ==

typescript@^6.0.2:
  version "6.0.3"
  resolved "https://registry.yarnpkg.com/typescript/-/typescript-6.0.3.tgz#90251dc007916e972786cb94d74d15b185577d21"
  integrity sha512-y2TvuxSZPDyQakkFRPZHKFm+KKVqIisdg9/CZwm9ftvKXLP8NRWj38/ODjNbr43SsoXqNuAisEf1GdCxqWcdBw==

vite@^8.0.7:
  version "8.3.1"
  resolved "https://registry.yarnpkg.com/vite/-/vite-8.3.1.tgz#aa1099a4ccaf104a8c32492951497fa1781d9fce"
  integrity sha512-/bvH9E9tmCXRGp2uXY3WbOldqpTwFkbha/8ANaEQ6VkxhH60KyqLwgZq6lG2y+4uT55x9+9eUHMpQ7uGnOCKjA==
  dependencies:
    lightningcss "^1.33.0"
    picomatch "^4.0.7"
    postcss "^8.5.28"
    rolldown "~1.2.9"
    tinyglobby "^0.2.17"
  optionalDependencies:
    fsevents "~2.3.3"

vitefu@^1.1.2:
  version "1.1.3"
  resolved "https://registry.yarnpkg.com/vitefu/-/vitefu-1.1.3.tgz#59b9885b1c200856319d7e9ceb0e99a065430009"
  integrity sha512-ub4okH7Z5KLjb6hDyjqrGXqWtWvoYdU3IGm/NorpgHncKoLTCfRIbvlhBm7r0YstIaQRYlp4yEbFqDcKSzXSSg==

webgl-sdf-generator@1.1.1:
  version "1.1.1"
  resolved "https://registry.yarnpkg.com/webgl-sdf-generator/-/webgl-sdf-generator-1.1.1.tgz#3e1b422b3d87cd3cc77f2602c9db63bc0f6accbd"
  integrity sha512-9Z0JcMTFxeE+b2x1LJTdnaT8rT8aEp7MVxkNwoycNmJWwPdzoXzMh0BjJSh/AEFP+KPYZUli814h8bJZFIZ2jA==

zimmerframe@^1.1.2:
  version "1.1.5"
  resolved "https://registry.yarnpkg.com/zimmerframe/-/zimmerframe-1.1.5.tgz#8e34202e0419b424974a197aba746a8423a3fba8"
  integrity sha512-msJxIvYDYcoNL+PJsu+7qmpDWsYmAxTY+2TNYXXF0hzBzBk0BMecOqDOG/EckUoKCuKwObfbugIl8QpqHDXeFA==
